// !$*UTF8*$!
{
	archiveVersion = 1;
	classes = {
	};
	objectVersion = 50;
	objects = {

/* Begin PBXBuildFile section */
		7620489E22426DC80011B88C /* AppDelegate.swift in Sources */ = {isa = PBXBuildFile; fileRef = 7620489D22426DC80011B88C /* AppDelegate.swift */; };
		762048A022426DC80011B88C /* MapViewController.swift in Sources */ = {isa = PBXBuildFile; fileRef = 7620489F22426DC80011B88C /* MapViewController.swift */; };
		762048A322426DC80011B88C /* Map.storyboard in Resources */ = {isa = PBXBuildFile; fileRef = 762048A122426DC80011B88C /* Map.storyboard */; };
		762048A522426DC90011B88C /* Assets.xcassets in Resources */ = {isa = PBXBuildFile; fileRef = 762048A422426DC90011B88C /* Assets.xcassets */; };
		762048A822426DC90011B88C /* LaunchScreen.storyboard in Resources */ = {isa = PBXBuildFile; fileRef = 762048A622426DC90011B88C /* LaunchScreen.storyboard */; };
		762048B322426DC90011B88C /* dopravaBrnoTests.swift in Sources */ = {isa = PBXBuildFile; fileRef = 762048B222426DC90011B88C /* dopravaBrnoTests.swift */; };
/* End PBXBuildFile section */

/* Begin PBXContainerItemProxy section */
		762048AF22426DC90011B88C /* PBXContainerItemProxy */ = {
			isa = PBXContainerItemProxy;
			containerPortal = 7620489222426DC80011B88C /* Project object */;
			proxyType = 1;
			remoteGlobalIDString = 7620489922426DC80011B88C;
			remoteInfo = dopravaBrno;
		};
/* End PBXContainerItemProxy section */

/* Begin PBXFileReference section */
		7620489A22426DC80011B88C /* dopravaBrno.app */ = {isa = PBXFileReference; explicitFileType = wrapper.application; includeInIndex = 0; path = dopravaBrno.app; sourceTree = BUILT_PRODUCTS_DIR; };
		7620489D22426DC80011B88C /* AppDelegate.swift */ = {isa = PBXFileReference; lastKnownFileType = sourcecode.swift; path = AppDelegate.swift; sourceTree = "<group>"; };
		7620489F22426DC80011B88C /* MapViewController.swift */ = {isa = PBXFileReference; lastKnownFileType = sourcecode.swift; path = MapViewController.swift; sourceTree = "<group>"; };
		762048A222426DC80011B88C /* Base */ = {isa = PBXFileReference; lastKnownFileType = file.storyboard; name = Base; path = Base.lproj/Map.storyboard; sourceTree = "<group>"; };
		762048A422426DC90011B88C /* Assets.xcassets */ = {isa = PBXFileReference; lastKnownFileType = folder.assetcatalog; path = Assets.xcassets; sourceTree = "<group>"; };
		762048A722426DC90011B88C /* Base */ = {isa = PBXFileReference; lastKnownFileType = file.storyboard; name = Base; path = Base.lproj/LaunchScreen.storyboard; sourceTree = "<group>"; };
		762048A922426DC90011B88C /* Info.plist */ = {isa = PBXFileReference; lastKnownFileType = text.plist.xml; path = Info.plist; sourceTree = "<group>"; };
		762048AE22426DC90011B88C /* dopravaBrnoTests.xctest */ = {isa = PBXFileReference; explicitFileType = wrapper.cfbundle; includeInIndex = 0; path = dopravaBrnoTests.xctest; sourceTree = BUILT_PRODUCTS_DIR; };
		762048B222426DC90011B88C /* dopravaBrnoTests.swift */ = {isa = PBXFileReference; lastKnownFileType = sourcecode.swift; path = dopravaBrnoTests.swift; sourceTree = "<group>"; };
		762048B422426DC90011B88C /* Info.plist */ = {isa = PBXFileReference; lastKnownFileType = text.plist.xml; path = Info.plist; sourceTree = "<group>"; };
/* End PBXFileReference section */

/* Begin PBXFrameworksBuildPhase section */
		7620489722426DC80011B88C /* Frameworks */ = {
			isa = PBXFrameworksBuildPhase;
			buildActionMask = 2147483647;
			files = (
			);
			runOnlyForDeploymentPostprocessing = 0;
		};
		762048AB22426DC90011B88C /* Frameworks */ = {
			isa = PBXFrameworksBuildPhase;
			buildActionMask = 2147483647;
			files = (
			);
			runOnlyForDeploymentPostprocessing = 0;
		};
/* End PBXFrameworksBuildPhase section */

/* Begin PBXGroup section */
		7620489122426DC80011B88C = {
			isa = PBXGroup;
			children = (
				7620489C22426DC80011B88C /* dopravaBrno */,
				762048B122426DC90011B88C /* dopravaBrnoTests */,
				7620489B22426DC80011B88C /* Products */,
			);
			sourceTree = "<group>";
		};
		7620489B22426DC80011B88C /* Products */ = {
			isa = PBXGroup;
			children = (
				7620489A22426DC80011B88C /* dopravaBrno.app */,
				762048AE22426DC90011B88C /* dopravaBrnoTests.xctest */,
			);
			name = Products;
			sourceTree = "<group>";
		};
		7620489C22426DC80011B88C /* dopravaBrno */ = {
			isa = PBXGroup;
			children = (
				762048A422426DC90011B88C /* Assets.xcassets */,
				762048A922426DC90011B88C /* Info.plist */,
				762048C32242700D0011B88C /* Map screen */,
				762048BE22426EED0011B88C /* Shared */,
			);
			path = dopravaBrno;
			sourceTree = "<group>";
		};
		762048B122426DC90011B88C /* dopravaBrnoTests */ = {
			isa = PBXGroup;
			children = (
				762048B222426DC90011B88C /* dopravaBrnoTests.swift */,
				762048B422426DC90011B88C /* Info.plist */,
			);
			path = dopravaBrnoTests;
			sourceTree = "<group>";
		};
		762048BE22426EED0011B88C /* Shared */ = {
			isa = PBXGroup;
			children = (
				762048C222426F830011B88C /* Views */,
				762048C122426F4E0011B88C /* Supporting Files */,
				762048C022426F250011B88C /* Controllers */,
				762048BF22426F0F0011B88C /* App delegate */,
			);
			path = Shared;
			sourceTree = "<group>";
		};
		762048BF22426F0F0011B88C /* App delegate */ = {
			isa = PBXGroup;
			children = (
				7620489D22426DC80011B88C /* AppDelegate.swift */,
			);
			path = "App delegate";
			sourceTree = "<group>";
		};
		762048C022426F250011B88C /* Controllers */ = {
			isa = PBXGroup;
			children = (
			);
			path = Controllers;
			sourceTree = "<group>";
		};
		762048C122426F4E0011B88C /* Supporting Files */ = {
			isa = PBXGroup;
			children = (
			);
			path = "Supporting Files";
			sourceTree = "<group>";
		};
		762048C222426F830011B88C /* Views */ = {
			isa = PBXGroup;
			children = (
				762048A622426DC90011B88C /* LaunchScreen.storyboard */,
			);
			path = Views;
			sourceTree = "<group>";
		};
		762048C32242700D0011B88C /* Map screen */ = {
			isa = PBXGroup;
			children = (
				762048C6224270530011B88C /* Models */,
				762048C5224270350011B88C /* Views */,
				762048C4224270290011B88C /* Controllers */,
			);
			path = "Map screen";
			sourceTree = "<group>";
		};
		762048C4224270290011B88C /* Controllers */ = {
			isa = PBXGroup;
			children = (
				7620489F22426DC80011B88C /* MapViewController.swift */,
			);
			path = Controllers;
			sourceTree = "<group>";
		};
		762048C5224270350011B88C /* Views */ = {
			isa = PBXGroup;
			children = (
				762048A122426DC80011B88C /* Map.storyboard */,
			);
			path = Views;
			sourceTree = "<group>";
		};
		762048C6224270530011B88C /* Models */ = {
			isa = PBXGroup;
			children = (
			);
			path = Models;
			sourceTree = "<group>";
		};
/* End PBXGroup section */

/* Begin PBXNativeTarget section */
		7620489922426DC80011B88C /* dopravaBrno */ = {
			isa = PBXNativeTarget;
			buildConfigurationList = 762048B722426DC90011B88C /* Build configuration list for PBXNativeTarget "dopravaBrno" */;
			buildPhases = (
				7620489622426DC80011B88C /* Sources */,
				7620489722426DC80011B88C /* Frameworks */,
				7620489822426DC80011B88C /* Resources */,
			);
			buildRules = (
			);
			dependencies = (
			);
			name = dopravaBrno;
			productName = dopravaBrno;
			productReference = 7620489A22426DC80011B88C /* dopravaBrno.app */;
			productType = "com.apple.product-type.application";
		};
		762048AD22426DC90011B88C /* dopravaBrnoTests */ = {
			isa = PBXNativeTarget;
			buildConfigurationList = 762048BA22426DC90011B88C /* Build configuration list for PBXNativeTarget "dopravaBrnoTests" */;
			buildPhases = (
				762048AA22426DC90011B88C /* Sources */,
				762048AB22426DC90011B88C /* Frameworks */,
				762048AC22426DC90011B88C /* Resources */,
			);
			buildRules = (
			);
			dependencies = (
				762048B022426DC90011B88C /* PBXTargetDependency */,
			);
			name = dopravaBrnoTests;
			productName = dopravaBrnoTests;
			productReference = 762048AE22426DC90011B88C /* dopravaBrnoTests.xctest */;
			productType = "com.apple.product-type.bundle.unit-test";
		};
/* End PBXNativeTarget section */

/* Begin PBXProject section */
		7620489222426DC80011B88C /* Project object */ = {
			isa = PBXProject;
			attributes = {
				LastSwiftUpdateCheck = 1010;
				LastUpgradeCheck = 1010;
				ORGANIZATIONNAME = "Thành Đỗ Long";
				TargetAttributes = {
					7620489922426DC80011B88C = {
						CreatedOnToolsVersion = 10.1;
					};
					762048AD22426DC90011B88C = {
						CreatedOnToolsVersion = 10.1;
						TestTargetID = 7620489922426DC80011B88C;
					};
				};
			};
			buildConfigurationList = 7620489522426DC80011B88C /* Build configuration list for PBXProject "dopravaBrno" */;
			compatibilityVersion = "Xcode 9.3";
			developmentRegion = en;
			hasScannedForEncodings = 0;
			knownRegions = (
				en,
				Base,
			);
			mainGroup = 7620489122426DC80011B88C;
			productRefGroup = 7620489B22426DC80011B88C /* Products */;
			projectDirPath = "";
			projectRoot = "";
			targets = (
				7620489922426DC80011B88C /* dopravaBrno */,
				762048AD22426DC90011B88C /* dopravaBrnoTests */,
			);
		};
/* End PBXProject section */

/* Begin PBXResourcesBuildPhase section */
		7620489822426DC80011B88C /* Resources */ = {
			isa = PBXResourcesBuildPhase;
			buildActionMask = 2147483647;
			files = (
				762048A822426DC90011B88C /* LaunchScreen.storyboard in Resources */,
				762048A522426DC90011B88C /* Assets.xcassets in Resources */,
				762048A322426DC80011B88C /* Map.storyboard in Resources */,
			);
			runOnlyForDeploymentPostprocessing = 0;
		};
		762048AC22426DC90011B88C /* Resources */ = {
			isa = PBXResourcesBuildPhase;
			buildActionMask = 2147483647;
			files = (
			);
			runOnlyForDeploymentPostprocessing = 0;
		};
/* End PBXResourcesBuildPhase section */

/* Begin PBXSourcesBuildPhase section */
		7620489622426DC80011B88C /* Sources */ = {
			isa = PBXSourcesBuildPhase;
			buildActionMask = 2147483647;
			files = (
				762048A022426DC80011B88C /* MapViewController.swift in Sources */,
				7620489E22426DC80011B88C /* AppDelegate.swift in Sources */,
			);
			runOnlyForDeploymentPostprocessing = 0;
		};
		762048AA22426DC90011B88C /* Sources */ = {
			isa = PBXSourcesBuildPhase;
			buildActionMask = 2147483647;
			files = (
				762048B322426DC90011B88C /* dopravaBrnoTests.swift in Sources */,
			);
			runOnlyForDeploymentPostprocessing = 0;
		};
/* End PBXSourcesBuildPhase section */

/* Begin PBXTargetDependency section */
		762048B022426DC90011B88C /* PBXTargetDependency */ = {
			isa = PBXTargetDependency;
			target = 7620489922426DC80011B88C /* dopravaBrno */;
			targetProxy = 762048AF22426DC90011B88C /* PBXContainerItemProxy */;
		};
/* End PBXTargetDependency section */

/* Begin PBXVariantGroup section */
		762048A122426DC80011B88C /* Map.storyboard */ = {
			isa = PBXVariantGroup;
			children = (
				762048A222426DC80011B88C /* Base */,
			);
			name = Map.storyboard;
			sourceTree = "<group>";
		};
		762048A622426DC90011B88C /* LaunchScreen.storyboard */ = {
			isa = PBXVariantGroup;
			children = (
				762048A722426DC90011B88C /* Base */,
			);
			name = LaunchScreen.storyboard;
			sourceTree = "<group>";
		};
/* End PBXVariantGroup section */

/* Begin XCBuildConfiguration section */
		762048B522426DC90011B88C /* Debug */ = {
			isa = XCBuildConfiguration;
			buildSettings = {
				ALWAYS_SEARCH_USER_PATHS = NO;
				CLANG_ANALYZER_NONNULL = YES;
				CLANG_ANALYZER_NUMBER_OBJECT_CONVERSION = YES_AGGRESSIVE;
				CLANG_CXX_LANGUAGE_STANDARD = "gnu++14";
				CLANG_CXX_LIBRARY = "libc++";
				CLANG_ENABLE_MODULES = YES;
				CLANG_ENABLE_OBJC_ARC = YES;
				CLANG_ENABLE_OBJC_WEAK = YES;
				CLANG_WARN_BLOCK_CAPTURE_AUTORELEASING = YES;
				CLANG_WARN_BOOL_CONVERSION = YES;
				CLANG_WARN_COMMA = YES;
				CLANG_WARN_CONSTANT_CONVERSION = YES;
				CLANG_WARN_DEPRECATED_OBJC_IMPLEMENTATIONS = YES;
				CLANG_WARN_DIRECT_OBJC_ISA_USAGE = YES_ERROR;
				CLANG_WARN_DOCUMENTATION_COMMENTS = YES;
				CLANG_WARN_EMPTY_BODY = YES;
				CLANG_WARN_ENUM_CONVERSION = YES;
				CLANG_WARN_INFINITE_RECURSION = YES;
				CLANG_WARN_INT_CONVERSION = YES;
				CLANG_WARN_NON_LITERAL_NULL_CONVERSION = YES;
				CLANG_WARN_OBJC_IMPLICIT_RETAIN_SELF = YES;
				CLANG_WARN_OBJC_LITERAL_CONVERSION = YES;
				CLANG_WARN_OBJC_ROOT_CLASS = YES_ERROR;
				CLANG_WARN_RANGE_LOOP_ANALYSIS = YES;
				CLANG_WARN_STRICT_PROTOTYPES = YES;
				CLANG_WARN_SUSPICIOUS_MOVE = YES;
				CLANG_WARN_UNGUARDED_AVAILABILITY = YES_AGGRESSIVE;
				CLANG_WARN_UNREACHABLE_CODE = YES;
				CLANG_WARN__DUPLICATE_METHOD_MATCH = YES;
				CODE_SIGN_IDENTITY = "iPhone Developer";
				COPY_PHASE_STRIP = NO;
				DEBUG_INFORMATION_FORMAT = dwarf;
				ENABLE_STRICT_OBJC_MSGSEND = YES;
				ENABLE_TESTABILITY = YES;
				GCC_C_LANGUAGE_STANDARD = gnu11;
				GCC_DYNAMIC_NO_PIC = NO;
				GCC_NO_COMMON_BLOCKS = YES;
				GCC_OPTIMIZATION_LEVEL = 0;
				GCC_PREPROCESSOR_DEFINITIONS = (
					"DEBUG=1",
					"$(inherited)",
				);
				GCC_WARN_64_TO_32_BIT_CONVERSION = YES;
				GCC_WARN_ABOUT_RETURN_TYPE = YES_ERROR;
				GCC_WARN_UNDECLARED_SELECTOR = YES;
				GCC_WARN_UNINITIALIZED_AUTOS = YES_AGGRESSIVE;
				GCC_WARN_UNUSED_FUNCTION = YES;
				GCC_WARN_UNUSED_VARIABLE = YES;
				IPHONEOS_DEPLOYMENT_TARGET = 12.1;
				MTL_ENABLE_DEBUG_INFO = INCLUDE_SOURCE;
				MTL_FAST_MATH = YES;
				ONLY_ACTIVE_ARCH = YES;
				SDKROOT = iphoneos;
				SWIFT_ACTIVE_COMPILATION_CONDITIONS = DEBUG;
				SWIFT_OPTIMIZATION_LEVEL = "-Onone";
			};
			name = Debug;
		};
		762048B622426DC90011B88C /* Release */ = {
			isa = XCBuildConfiguration;
			buildSettings = {
				ALWAYS_SEARCH_USER_PATHS = NO;
				CLANG_ANALYZER_NONNULL = YES;
				CLANG_ANALYZER_NUMBER_OBJECT_CONVERSION = YES_AGGRESSIVE;
				CLANG_CXX_LANGUAGE_STANDARD = "gnu++14";
				CLANG_CXX_LIBRARY = "libc++";
				CLANG_ENABLE_MODULES = YES;
				CLANG_ENABLE_OBJC_ARC = YES;
				CLANG_ENABLE_OBJC_WEAK = YES;
				CLANG_WARN_BLOCK_CAPTURE_AUTORELEASING = YES;
				CLANG_WARN_BOOL_CONVERSION = YES;
				CLANG_WARN_COMMA = YES;
				CLANG_WARN_CONSTANT_CONVERSION = YES;
				CLANG_WARN_DEPRECATED_OBJC_IMPLEMENTATIONS = YES;
				CLANG_WARN_DIRECT_OBJC_ISA_USAGE = YES_ERROR;
				CLANG_WARN_DOCUMENTATION_COMMENTS = YES;
				CLANG_WARN_EMPTY_BODY = YES;
				CLANG_WARN_ENUM_CONVERSION = YES;
				CLANG_WARN_INFINITE_RECURSION = YES;
				CLANG_WARN_INT_CONVERSION = YES;
				CLANG_WARN_NON_LITERAL_NULL_CONVERSION = YES;
				CLANG_WARN_OBJC_IMPLICIT_RETAIN_SELF = YES;
				CLANG_WARN_OBJC_LITERAL_CONVERSION = YES;
				CLANG_WARN_OBJC_ROOT_CLASS = YES_ERROR;
				CLANG_WARN_RANGE_LOOP_ANALYSIS = YES;
				CLANG_WARN_STRICT_PROTOTYPES = YES;
				CLANG_WARN_SUSPICIOUS_MOVE = YES;
				CLANG_WARN_UNGUARDED_AVAILABILITY = YES_AGGRESSIVE;
				CLANG_WARN_UNREACHABLE_CODE = YES;
				CLANG_WARN__DUPLICATE_METHOD_MATCH = YES;
				CODE_SIGN_IDENTITY = "iPhone Developer";
				COPY_PHASE_STRIP = NO;
				DEBUG_INFORMATION_FORMAT = "dwarf-with-dsym";
				ENABLE_NS_ASSERTIONS = NO;
				ENABLE_STRICT_OBJC_MSGSEND = YES;
				GCC_C_LANGUAGE_STANDARD = gnu11;
				GCC_NO_COMMON_BLOCKS = YES;
				GCC_WARN_64_TO_32_BIT_CONVERSION = YES;
				GCC_WARN_ABOUT_RETURN_TYPE = YES_ERROR;
				GCC_WARN_UNDECLARED_SELECTOR = YES;
				GCC_WARN_UNINITIALIZED_AUTOS = YES_AGGRESSIVE;
				GCC_WARN_UNUSED_FUNCTION = YES;
				GCC_WARN_UNUSED_VARIABLE = YES;
				IPHONEOS_DEPLOYMENT_TARGET = 12.1;
				MTL_ENABLE_DEBUG_INFO = NO;
				MTL_FAST_MATH = YES;
				SDKROOT = iphoneos;
				SWIFT_COMPILATION_MODE = wholemodule;
				SWIFT_OPTIMIZATION_LEVEL = "-O";
				VALIDATE_PRODUCT = YES;
			};
			name = Release;
		};
		762048B822426DC90011B88C /* Debug */ = {
			isa = XCBuildConfiguration;
			buildSettings = {
				ASSETCATALOG_COMPILER_APPICON_NAME = AppIcon;
				CODE_SIGN_STYLE = Automatic;
				DEVELOPMENT_TEAM = 4D55K7UPFW;
				INFOPLIST_FILE = dopravaBrno/Info.plist;
				LD_RUNPATH_SEARCH_PATHS = (
					"$(inherited)",
					"@executable_path/Frameworks",
				);
				PRODUCT_BUNDLE_IDENTIFIER = muni.dopravaBrno.xdolon;
				PRODUCT_NAME = "$(TARGET_NAME)";
				SWIFT_VERSION = 4.2;
				TARGETED_DEVICE_FAMILY = "1,2";
			};
			name = Debug;
		};
		762048B922426DC90011B88C /* Release */ = {
			isa = XCBuildConfiguration;
			buildSettings = {
				ASSETCATALOG_COMPILER_APPICON_NAME = AppIcon;
				CODE_SIGN_STYLE = Automatic;
				DEVELOPMENT_TEAM = 4D55K7UPFW;
				INFOPLIST_FILE = dopravaBrno/Info.plist;
				LD_RUNPATH_SEARCH_PATHS = (
					"$(inherited)",
					"@executable_path/Frameworks",
				);
				PRODUCT_BUNDLE_IDENTIFIER = muni.dopravaBrno.xdolon;
				PRODUCT_NAME = "$(TARGET_NAME)";
				SWIFT_VERSION = 4.2;
				TARGETED_DEVICE_FAMILY = "1,2";
			};
			name = Release;
		};
		762048BB22426DC90011B88C /* Debug */ = {
			isa = XCBuildConfiguration;
			buildSettings = {
				ALWAYS_EMBED_SWIFT_STANDARD_LIBRARIES = YES;
				BUNDLE_LOADER = "$(TEST_HOST)";
				CODE_SIGN_STYLE = Automatic;
				DEVELOPMENT_TEAM = KW278547Y4;
				INFOPLIST_FILE = dopravaBrnoTests/Info.plist;
				LD_RUNPATH_SEARCH_PATHS = (
					"$(inherited)",
					"@executable_path/Frameworks",
					"@loader_path/Frameworks",
				);
				PRODUCT_BUNDLE_IDENTIFIER = muni.dopravaBrnoTests;
				PRODUCT_NAME = "$(TARGET_NAME)";
				SWIFT_VERSION = 4.2;
				TARGETED_DEVICE_FAMILY = "1,2";
				TEST_HOST = "$(BUILT_PRODUCTS_DIR)/dopravaBrno.app/dopravaBrno";
			};
			name = Debug;
		};
		762048BC22426DC90011B88C /* Release */ = {
			isa = XCBuildConfiguration;
			buildSettings = {
				ALWAYS_EMBED_SWIFT_STANDARD_LIBRARIES = YES;
				BUNDLE_LOADER = "$(TEST_HOST)";
				CODE_SIGN_STYLE = Automatic;
				DEVELOPMENT_TEAM = KW278547Y4;
				INFOPLIST_FILE = dopravaBrnoTests/Info.plist;
				LD_RUNPATH_SEARCH_PATHS = (
					"$(inherited)",
					"@executable_path/Frameworks",
					"@loader_path/Frameworks",
				);
				PRODUCT_BUNDLE_IDENTIFIER = muni.dopravaBrnoTests;
				PRODUCT_NAME = "$(TARGET_NAME)";
				SWIFT_VERSION = 4.2;
				TARGETED_DEVICE_FAMILY = "1,2";
				TEST_HOST = "$(BUILT_PRODUCTS_DIR)/dopravaBrno.app/dopravaBrno";
			};
			name = Release;
		};
/* End XCBuildConfiguration section */

/* Begin XCConfigurationList section */
		7620489522426DC80011B88C /* Build configuration list for PBXProject "dopravaBrno" */ = {
			isa = XCConfigurationList;
			buildConfigurations = (
				762048B522426DC90011B88C /* Debug */,
				762048B622426DC90011B88C /* Release */,
			);
			defaultConfigurationIsVisible = 0;
			defaultConfigurationName = Release;
		};
		762048B722426DC90011B88C /* Build configuration list for PBXNativeTarget "dopravaBrno" */ = {
			isa = XCConfigurationList;
			buildConfigurations = (
				762048B822426DC90011B88C /* Debug */,
				762048B922426DC90011B88C /* Release */,
			);
			defaultConfigurationIsVisible = 0;
			defaultConfigurationName = Release;
		};
		762048BA22426DC90011B88C /* Build configuration list for PBXNativeTarget "dopravaBrnoTests" */ = {
			isa = XCConfigurationList;
			buildConfigurations = (
				762048BB22426DC90011B88C /* Debug */,
				762048BC22426DC90011B88C /* Release */,
			);
			defaultConfigurationIsVisible = 0;
			defaultConfigurationName = Release;
		};
/* End XCConfigurationList section */
	};
	rootObject = 7620489222426DC80011B88C /* Project object */;
}
